
Microsoft Visual Studio Solution File, Format Version 12.00
# Visual Studio Version 17
VisualStudioVersion = 17.10.35122.118
MinimumVisualStudioVersion = 10.0.40219.1
Project("{FAE04EC0-301F-11D3-BF4B-00C04F79EFBC}") = "Z961", "Z961.csproj", "{EED5E7EE-D54E-4D14-91A7-3703CA26C44F}"
EndProject
Global
	GlobalSection(SolutionConfigurationPlatforms) = preSolution
		Debug|Any CPU = Debug|Any CPU
		Release|Any CPU = Release|Any CPU
	EndGlobalSection
	GlobalSection(ProjectConfigurationPlatforms) = postSolution
		{EED5E7EE-D54E-4D14-91A7-3703CA26C44F}.Debug|Any CPU.ActiveCfg = Debug|Any CPU
		{EED5E7EE-D54E-4D14-91A7-3703CA26C44F}.Debug|Any CPU.Build.0 = Debug|Any CPU
		{EED5E7EE-D54E-4D14-91A7-3703CA26C44F}.Release|Any CPU.ActiveCfg = Release|Any CPU
		{EED5E7EE-D54E-4D14-91A7-3703CA26C44F}.Release|Any CPU.Build.0 = Release|Any CPU
	EndGlobalSection
	GlobalSection(SolutionProperties) = preSolution
		HideSolutionNode = FALSE
	EndGlobalSection
	GlobalSection(ExtensibilityGlobals) = postSolution
		SolutionGuid = {8BBF6CE8-805F-493C-805E-FE1FF1861B2B}
	EndGlobalSection
EndGlobal
